
Microsoft Visual Studio Solution File, Format Version 12.00
# Visual Studio Version 17
VisualStudioVersion = 17.14.36429.23
MinimumVisualStudioVersion = 10.0.40219.1
Project("{FAE04EC0-301F-11D3-BF4B-00C04F79EFBC}") = "ContaCorrente.Api", "ContaCorrente.Api\ContaCorrente.Api.csproj", "{F7906BFC-EDA0-4BC5-8E08-7FFC261CED1D}"
EndProject
Project("{FAE04EC0-301F-11D3-BF4B-00C04F79EFBC}") = "Transferencia.Api", "Transferencia.Api\Transferencia.Api.csproj", "{BF98EA12-8CB1-42E7-8C45-A654B555F190}"
EndProject
Global
	GlobalSection(SolutionConfigurationPlatforms) = preSolution
		Debug|Any CPU = Debug|Any CPU
		Release|Any CPU = Release|Any CPU
	EndGlobalSection
	GlobalSection(ProjectConfigurationPlatforms) = postSolution
		{F7906BFC-EDA0-4BC5-8E08-7FFC261CED1D}.Debug|Any CPU.ActiveCfg = Debug|Any CPU
		{F7906BFC-EDA0-4BC5-8E08-7FFC261CED1D}.Debug|Any CPU.Build.0 = Debug|Any CPU
		{F7906BFC-EDA0-4BC5-8E08-7FFC261CED1D}.Release|Any CPU.ActiveCfg = Release|Any CPU
		{F7906BFC-EDA0-4BC5-8E08-7FFC261CED1D}.Release|Any CPU.Build.0 = Release|Any CPU
		{BF98EA12-8CB1-42E7-8C45-A654B555F190}.Debug|Any CPU.ActiveCfg = Debug|Any CPU
		{BF98EA12-8CB1-42E7-8C45-A654B555F190}.Debug|Any CPU.Build.0 = Debug|Any CPU
		{BF98EA12-8CB1-42E7-8C45-A654B555F190}.Release|Any CPU.ActiveCfg = Release|Any CPU
		{BF98EA12-8CB1-42E7-8C45-A654B555F190}.Release|Any CPU.Build.0 = Release|Any CPU
	EndGlobalSection
	GlobalSection(SolutionProperties) = preSolution
		HideSolutionNode = FALSE
	EndGlobalSection
	GlobalSection(ExtensibilityGlobals) = postSolution
		SolutionGuid = {3EB4A6CB-D76C-44D7-99DB-E7EB80114C01}
	EndGlobalSection
EndGlobal
